
Microsoft Visual Studio Solution File, Format Version 12.00
# Visual Studio 14
VisualStudioVersion = 14.0.23107.0
MinimumVisualStudioVersion = 10.0.40219.1
Project("{FAE04EC0-301F-11D3-BF4B-00C04F79EFBC}") = "MicroFlow", "src\MicroFlow.csproj", "{261D091D-3793-4492-B6A8-41E6C0A4DC8B}"
EndProject
Project("{FAE04EC0-301F-11D3-BF4B-00C04F79EFBC}") = "MicroFlow.Test", "test\MicroFlow.Test.csproj", "{20A36CA6-8216-4C8E-9415-45004A2CA741}"
EndProject
Project("{FAE04EC0-301F-11D3-BF4B-00C04F79EFBC}") = "MicroFlow.Graph", "src\Graph\MicroFlow.Graph.csproj", "{03D1A7DF-9356-4D9B-8595-444C990B4710}"
EndProject
Global
	GlobalSection(SolutionConfigurationPlatforms) = preSolution
		Debug|Any CPU = Debug|Any CPU
		Release|Any CPU = Release|Any CPU
	EndGlobalSection
	GlobalSection(ProjectConfigurationPlatforms) = postSolution
		{261D091D-3793-4492-B6A8-41E6C0A4DC8B}.Debug|Any CPU.ActiveCfg = Debug|Any CPU
		{261D091D-3793-4492-B6A8-41E6C0A4DC8B}.Debug|Any CPU.Build.0 = Debug|Any CPU
		{261D091D-3793-4492-B6A8-41E6C0A4DC8B}.Release|Any CPU.ActiveCfg = Release|Any CPU
		{261D091D-3793-4492-B6A8-41E6C0A4DC8B}.Release|Any CPU.Build.0 = Release|Any CPU
		{20A36CA6-8216-4C8E-9415-45004A2CA741}.Debug|Any CPU.ActiveCfg = Debug|Any CPU
		{20A36CA6-8216-4C8E-9415-45004A2CA741}.Debug|Any CPU.Build.0 = Debug|Any CPU
		{20A36CA6-8216-4C8E-9415-45004A2CA741}.Release|Any CPU.ActiveCfg = Release|Any CPU
		{20A36CA6-8216-4C8E-9415-45004A2CA741}.Release|Any CPU.Build.0 = Release|Any CPU
		{03D1A7DF-9356-4D9B-8595-444C990B4710}.Debug|Any CPU.ActiveCfg = Debug|Any CPU
		{03D1A7DF-9356-4D9B-8595-444C990B4710}.Debug|Any CPU.Build.0 = Debug|Any CPU
		{03D1A7DF-9356-4D9B-8595-444C990B4710}.Release|Any CPU.ActiveCfg = Release|Any CPU
		{03D1A7DF-9356-4D9B-8595-444C990B4710}.Release|Any CPU.Build.0 = Release|Any CPU
	EndGlobalSection
	GlobalSection(SolutionProperties) = preSolution
		HideSolutionNode = FALSE
	EndGlobalSection
EndGlobal
